{
  "name": "chart-demo",
  "version": "0.1.0",
  "lockfileVersion": 3,
  "requires": true,
  "packages": {
    "": {
      "name": "chart-demo",
      "version": "0.1.0",
      "private": true,
      "type": "module",
      "devDependencies": {
        "typescript": "^5.4.5"
      }
    },
    "node_modules/typescript": {
      "version": "5.4.5",
      "resolved": "https://registry.npmjs.org/typescript/-/typescript-5.4.5.tgz",
      "integrity": "sha512-y1ZJm0Xh16pCv3sN7VniT3JvwX1mFuPu6joMnHxrwlVqR4Jx0ArAF8rQZEnqnBT3BM9QWRp+ziJRlzxF2xhk6Q==",
      "dev": true,
      "bin": {
        "tsc": "bin/tsc",
        "tsserver": "bin/tsserver"
      }
    }
  },
  "dependencies": {
    "typescript": {
      "version": "5.4.5",
      "resolved": "https://registry.npmjs.org/typescript/-/typescript-5.4.5.tgz",
      "integrity": "sha512-y1ZJm0Xh16pCv3sN7VniT3JvwX1mFuPu6joMnHxrwlVqR4Jx0ArAF8rQZEnqnBT3BM9QWRp+ziJRlzxF2xhk6Q==",
      "dev": true
    }
  }
}
